lockfileVersion: '6.0'

settings:
  autoInstallPeers: true
  excludeLinksFromLockfile: false

dependencies:
  gun:
    specifier: ^0.2020.1240
    version: 0.2020.1240

packages:

  /@peculiar/asn1-schema@2.3.13:
    resolution: {integrity: sha512-3Xq3a01WkHRZL8X04Zsfg//mGaA21xlL4tlVn4v2xGT0JStiztATRkMwa5b+f/HXmY2smsiLXYK46Gwgzvfg3g==}
    requiresBuild: true
    dependencies:
      asn1js: 3.0.5
      pvtsutils: 1.3.5
      tslib: 2.7.0
    dev: false
    optional: true

  /@peculiar/json-schema@1.1.12:
    resolution: {integrity: sha512-coUfuoMeIB7B8/NMekxaDzLhaYmp0HZNPEjYRm9goRou8UZIC3z21s0sL9AWoCw4EG876QyO3kYrc61WNF9B/w==}
    engines: {node: '>=8.0.0'}
    requiresBuild: true
    dependencies:
      tslib: 2.7.0
    dev: false
    optional: true

  /@peculiar/webcrypto@1.5.0:
    resolution: {integrity: sha512-BRs5XUAwiyCDQMsVA9IDvDa7UBR9gAvPHgugOeGng3YN6vJ9JYonyDc0lNczErgtCWtucjR5N7VtaonboD/ezg==}
    engines: {node: '>=10.12.0'}
    requiresBuild: true
    dependencies:
      '@peculiar/asn1-schema': 2.3.13
      '@peculiar/json-schema': 1.1.12
      pvtsutils: 1.3.5
      tslib: 2.7.0
      webcrypto-core: 1.8.0
    dev: false
    optional: true

  /asn1js@3.0.5:
    resolution: {integrity: sha512-FVnvrKJwpt9LP2lAMl8qZswRNm3T4q9CON+bxldk2iwk3FFpuwhx2FfinyitizWHsVYyaY+y5JzDR0rCMV5yTQ==}
    engines: {node: '>=12.0.0'}
    requiresBuild: true
    dependencies:
      pvtsutils: 1.3.5
      pvutils: 1.1.3
      tslib: 2.7.0
    dev: false
    optional: true

  /gun@0.2020.1240:
    resolution: {integrity: sha512-uhnyadZTywn0HHgBjS2DePqpcdwLeVm6nFeSZZBPJRltm9O8MjFPyltaxk2PBKS+O8wSZac9qlbCIriJDgQQog==}
    engines: {node: '>=0.8.4'}
    dependencies:
      ws: 7.5.10
    optionalDependencies:
      '@peculiar/webcrypto': 1.5.0
    transitivePeerDependencies:
      - bufferutil
      - utf-8-validate
    dev: false

  /pvtsutils@1.3.5:
    resolution: {integrity: sha512-ARvb14YB9Nm2Xi6nBq1ZX6dAM0FsJnuk+31aUp4TrcZEdKUlSqOqsxJHUPJDNE3qiIp+iUPEIeR6Je/tgV7zsA==}
    requiresBuild: true
    dependencies:
      tslib: 2.7.0
    dev: false
    optional: true

  /pvutils@1.1.3:
    resolution: {integrity: sha512-pMpnA0qRdFp32b1sJl1wOJNxZLQ2cbQx+k6tjNtZ8CpvVhNqEPRgivZ2WOUev2YMajecdH7ctUPDvEe87nariQ==}
    engines: {node: '>=6.0.0'}
    requiresBuild: true
    dev: false
    optional: true

  /tslib@2.7.0:
    resolution: {integrity: sha512-gLXCKdN1/j47AiHiOkJN69hJmcbGTHI0ImLmbYLHykhgeN0jVGola9yVjFgzCUklsZQMW55o+dW7IXv3RCXDzA==}
    requiresBuild: true
    dev: false
    optional: true

  /webcrypto-core@1.8.0:
    resolution: {integrity: sha512-kR1UQNH8MD42CYuLzvibfakG5Ew5seG85dMMoAM/1LqvckxaF6pUiidLuraIu4V+YCIFabYecUZAW0TuxAoaqw==}
    requiresBuild: true
    dependencies:
      '@peculiar/asn1-schema': 2.3.13
      '@peculiar/json-schema': 1.1.12
      asn1js: 3.0.5
      pvtsutils: 1.3.5
      tslib: 2.7.0
    dev: false
    optional: true

  /ws@7.5.10:
    resolution: {integrity: sha512-+dbF1tHwZpXcbOJdVOkzLDxZP1ailvSxM6ZweXTegylPny803bFhA+vqBYw4s31NSAk4S2Qz+AKXK9a4wkdjcQ==}
    engines: {node: '>=8.3.0'}
    peerDependencies:
      bufferutil: ^4.0.1
      utf-8-validate: ^5.0.2
    peerDependenciesMeta:
      bufferutil:
        optional: true
      utf-8-validate:
        optional: true
    dev: false
